
Microsoft Visual Studio Solution File, Format Version 12.00
# Visual Studio Version 17
VisualStudioVersion = 17.7.34221.43
MinimumVisualStudioVersion = 10.0.40219.1
Project("{FAE04EC0-301F-11D3-BF4B-00C04F79EFBC}") = "HospitalBedManagement", "HospitalBedManagement.csproj", "{18F5882C-106E-49A4-BFDA-CD70145669FE}"
EndProject
Global
	GlobalSection(SolutionConfigurationPlatforms) = preSolution
		Debug|Any CPU = Debug|Any CPU
		Release|Any CPU = Release|Any CPU
	EndGlobalSection
	GlobalSection(ProjectConfigurationPlatforms) = postSolution
		{18F5882C-106E-49A4-BFDA-CD70145669FE}.Debug|Any CPU.ActiveCfg = Debug|Any CPU
		{18F5882C-106E-49A4-BFDA-CD70145669FE}.Debug|Any CPU.Build.0 = Debug|Any CPU
		{18F5882C-106E-49A4-BFDA-CD70145669FE}.Release|Any CPU.ActiveCfg = Release|Any CPU
		{18F5882C-106E-49A4-BFDA-CD70145669FE}.Release|Any CPU.Build.0 = Release|Any CPU
	EndGlobalSection
	GlobalSection(SolutionProperties) = preSolution
		HideSolutionNode = FALSE
	EndGlobalSection
	GlobalSection(ExtensibilityGlobals) = postSolution
		SolutionGuid = {77315BE1-C41F-4BDA-828B-97461BC607BF}
	EndGlobalSection
EndGlobal
